// !$*UTF8*$!
{
	archiveVersion = 1;
	classes = {
	};
	objectVersion = 46;
	objects = {

/* Begin PBXBuildFile section */
		3C1E2E5E1C7432420024D00C /* AppDelegate.swift in Sources */ = {isa = PBXBuildFile; fileRef = 3C1E2E5D1C7432420024D00C /* AppDelegate.swift */; };
		3C1E2E601C7432420024D00C /* ViewController.swift in Sources */ = {isa = PBXBuildFile; fileRef = 3C1E2E5F1C7432420024D00C /* ViewController.swift */; };
		3C1E2E631C7432420024D00C /* Main.storyboard in Resources */ = {isa = PBXBuildFile; fileRef = 3C1E2E611C7432420024D00C /* Main.storyboard */; };
		3C1E2E651C7432420024D00C /* Assets.xcassets in Resources */ = {isa = PBXBuildFile; fileRef = 3C1E2E641C7432420024D00C /* Assets.xcassets */; };
		3C1E2E681C7432420024D00C /* LaunchScreen.storyboard in Resources */ = {isa = PBXBuildFile; fileRef = 3C1E2E661C7432420024D00C /* LaunchScreen.storyboard */; };
		3C1E2E6D1C7432420024D00C /* PizzaAW WatchKit App.app in Embed Watch Content */ = {isa = PBXBuildFile; fileRef = 3C1E2E6C1C7432420024D00C /* PizzaAW WatchKit App.app */; };
		3C1E2E731C7432420024D00C /* Interface.storyboard in Resources */ = {isa = PBXBuildFile; fileRef = 3C1E2E711C7432420024D00C /* Interface.storyboard */; };
		3C1E2E751C7432420024D00C /* Assets.xcassets in Resources */ = {isa = PBXBuildFile; fileRef = 3C1E2E741C7432420024D00C /* Assets.xcassets */; };
		3C1E2E7C1C7432420024D00C /* PizzaAW WatchKit Extension.appex in Embed App Extensions */ = {isa = PBXBuildFile; fileRef = 3C1E2E7B1C7432420024D00C /* PizzaAW WatchKit Extension.appex */; settings = {ATTRIBUTES = (RemoveHeadersOnCopy, ); }; };
		3C1E2E831C7432420024D00C /* ExtensionDelegate.swift in Sources */ = {isa = PBXBuildFile; fileRef = 3C1E2E821C7432420024D00C /* ExtensionDelegate.swift */; };
		3C1E2E991C758B470024D00C /* Order.swift in Sources */ = {isa = PBXBuildFile; fileRef = 3C1E2E981C758B470024D00C /* Order.swift */; };
		3C1E2E9D1C759DE70024D00C /* SizeInterfaceController.swift in Sources */ = {isa = PBXBuildFile; fileRef = 3C1E2E9C1C759DE70024D00C /* SizeInterfaceController.swift */; };
		3C5E37251C7989B400FBCF15 /* CheseeInterfaceController.swift in Sources */ = {isa = PBXBuildFile; fileRef = 3C5E37241C7989B400FBCF15 /* CheseeInterfaceController.swift */; };
		3C5E37271C79BD9100FBCF15 /* IngredientTableRowController.swift in Sources */ = {isa = PBXBuildFile; fileRef = 3C5E37261C79BD9100FBCF15 /* IngredientTableRowController.swift */; };
		3C5E37291C79C04300FBCF15 /* IngredientInterfaceController.swift in Sources */ = {isa = PBXBuildFile; fileRef = 3C5E37281C79C04300FBCF15 /* IngredientInterfaceController.swift */; };
		3C5E372B1C79E44700FBCF15 /* ConfirmationInterfaceController.swift in Sources */ = {isa = PBXBuildFile; fileRef = 3C5E372A1C79E44700FBCF15 /* ConfirmationInterfaceController.swift */; };
		3C5E372D1C79E80400FBCF15 /* AceptInterfaceController.swift in Sources */ = {isa = PBXBuildFile; fileRef = 3C5E372C1C79E80400FBCF15 /* AceptInterfaceController.swift */; };
		3C5E372F1C79E82600FBCF15 /* MissingInterfaceController.swift in Sources */ = {isa = PBXBuildFile; fileRef = 3C5E372E1C79E82600FBCF15 /* MissingInterfaceController.swift */; };
		3C8583291C76E7510017DEA2 /* Assets.xcassets in Resources */ = {isa = PBXBuildFile; fileRef = 3C8583281C76E7500017DEA2 /* Assets.xcassets */; };
		3C85832B1C76E9820017DEA2 /* StyleInterfaceController.swift in Sources */ = {isa = PBXBuildFile; fileRef = 3C85832A1C76E9820017DEA2 /* StyleInterfaceController.swift */; };
/* End PBXBuildFile section */

/* Begin PBXContainerItemProxy section */
		3C1E2E6E1C7432420024D00C /* PBXContainerItemProxy */ = {
			isa = PBXContainerItemProxy;
			containerPortal = 3C1E2E521C7432410024D00C /* Project object */;
			proxyType = 1;
			remoteGlobalIDString = 3C1E2E6B1C7432420024D00C;
			remoteInfo = "PizzaAW WatchKit App";
		};
		3C1E2E7D1C7432420024D00C /* PBXContainerItemProxy */ = {
			isa = PBXContainerItemProxy;
			containerPortal = 3C1E2E521C7432410024D00C /* Project object */;
			proxyType = 1;
			remoteGlobalIDString = 3C1E2E7A1C7432420024D00C;
			remoteInfo = "PizzaAW WatchKit Extension";
		};
/* End PBXContainerItemProxy section */

/* Begin PBXCopyFilesBuildPhase section */
		3C1E2E8C1C7432420024D00C /* Embed App Extensions */ = {
			isa = PBXCopyFilesBuildPhase;
			buildActionMask = 2147483647;
			dstPath = "";
			dstSubfolderSpec = 13;
			files = (
				3C1E2E7C1C7432420024D00C /* PizzaAW WatchKit Extension.appex in Embed App Extensions */,
			);
			name = "Embed App Extensions";
			runOnlyForDeploymentPostprocessing = 0;
		};
		3C1E2E901C7432420024D00C /* Embed Watch Content */ = {
			isa = PBXCopyFilesBuildPhase;
			buildActionMask = 2147483647;
			dstPath = "$(CONTENTS_FOLDER_PATH)/Watch";
			dstSubfolderSpec = 16;
			files = (
				3C1E2E6D1C7432420024D00C /* PizzaAW WatchKit App.app in Embed Watch Content */,
			);
			name = "Embed Watch Content";
			runOnlyForDeploymentPostprocessing = 0;
		};
/* End PBXCopyFilesBuildPhase section */

/* Begin PBXFileReference section */
		3C1E2E5A1C7432420024D00C /* PizzaAW.app */ = {isa = PBXFileReference; explicitFileType = wrapper.application; includeInIndex = 0; path = PizzaAW.app; sourceTree = BUILT_PRODUCTS_DIR; };
		3C1E2E5D1C7432420024D00C /* AppDelegate.swift */ = {isa = PBXFileReference; lastKnownFileType = sourcecode.swift; path = AppDelegate.swift; sourceTree = "<group>"; };
		3C1E2E5F1C7432420024D00C /* ViewController.swift */ = {isa = PBXFileReference; lastKnownFileType = sourcecode.swift; path = ViewController.swift; sourceTree = "<group>"; };
		3C1E2E621C7432420024D00C /* Base */ = {isa = PBXFileReference; lastKnownFileType = file.storyboard; name = Base; path = Base.lproj/Main.storyboard; sourceTree = "<group>"; };
		3C1E2E641C7432420024D00C /* Assets.xcassets */ = {isa = PBXFileReference; lastKnownFileType = folder.assetcatalog; path = Assets.xcassets; sourceTree = "<group>"; };
		3C1E2E671C7432420024D00C /* Base */ = {isa = PBXFileReference; lastKnownFileType = file.storyboard; name = Base; path = Base.lproj/LaunchScreen.storyboard; sourceTree = "<group>"; };
		3C1E2E691C7432420024D00C /* Info.plist */ = {isa = PBXFileReference; lastKnownFileType = text.plist.xml; path = Info.plist; sourceTree = "<group>"; };
		3C1E2E6C1C7432420024D00C /* PizzaAW WatchKit App.app */ = {isa = PBXFileReference; explicitFileType = wrapper.application; includeInIndex = 0; path = "PizzaAW WatchKit App.app"; sourceTree = BUILT_PRODUCTS_DIR; };
		3C1E2E721C7432420024D00C /* Base */ = {isa = PBXFileReference; lastKnownFileType = file.storyboard; name = Base; path = Base.lproj/Interface.storyboard; sourceTree = "<group>"; };
		3C1E2E741C7432420024D00C /* Assets.xcassets */ = {isa = PBXFileReference; lastKnownFileType = folder.assetcatalog; path = Assets.xcassets; sourceTree = "<group>"; };
		3C1E2E761C7432420024D00C /* Info.plist */ = {isa = PBXFileReference; lastKnownFileType = text.plist.xml; path = Info.plist; sourceTree = "<group>"; };
		3C1E2E7B1C7432420024D00C /* PizzaAW WatchKit Extension.appex */ = {isa = PBXFileReference; explicitFileType = "wrapper.app-extension"; includeInIndex = 0; path = "PizzaAW WatchKit Extension.appex"; sourceTree = BUILT_PRODUCTS_DIR; };
		3C1E2E821C7432420024D00C /* ExtensionDelegate.swift */ = {isa = PBXFileReference; lastKnownFileType = sourcecode.swift; path = ExtensionDelegate.swift; sourceTree = "<group>"; };
		3C1E2E861C7432420024D00C /* Info.plist */ = {isa = PBXFileReference; lastKnownFileType = text.plist.xml; path = Info.plist; sourceTree = "<group>"; };
		3C1E2E981C758B470024D00C /* Order.swift */ = {isa = PBXFileReference; fileEncoding = 4; lastKnownFileType = sourcecode.swift; path = Order.swift; sourceTree = "<group>"; };
		3C1E2E9C1C759DE70024D00C /* SizeInterfaceController.swift */ = {isa = PBXFileReference; fileEncoding = 4; lastKnownFileType = sourcecode.swift; path = SizeInterfaceController.swift; sourceTree = "<group>"; };
		3C5E37241C7989B400FBCF15 /* CheseeInterfaceController.swift */ = {isa = PBXFileReference; fileEncoding = 4; lastKnownFileType = sourcecode.swift; path = CheseeInterfaceController.swift; sourceTree = "<group>"; };
		3C5E37261C79BD9100FBCF15 /* IngredientTableRowController.swift */ = {isa = PBXFileReference; fileEncoding = 4; lastKnownFileType = sourcecode.swift; path = IngredientTableRowController.swift; sourceTree = "<group>"; };
		3C5E37281C79C04300FBCF15 /* IngredientInterfaceController.swift */ = {isa = PBXFileReference; fileEncoding = 4; lastKnownFileType = sourcecode.swift; path = IngredientInterfaceController.swift; sourceTree = "<group>"; };
		3C5E372A1C79E44700FBCF15 /* ConfirmationInterfaceController.swift */ = {isa = PBXFileReference; fileEncoding = 4; lastKnownFileType = sourcecode.swift; path = ConfirmationInterfaceController.swift; sourceTree = "<group>"; };
		3C5E372C1C79E80400FBCF15 /* AceptInterfaceController.swift */ = {isa = PBXFileReference; fileEncoding = 4; lastKnownFileType = sourcecode.swift; path = AceptInterfaceController.swift; sourceTree = "<group>"; };
		3C5E372E1C79E82600FBCF15 /* MissingInterfaceController.swift */ = {isa = PBXFileReference; fileEncoding = 4; lastKnownFileType = sourcecode.swift; path = MissingInterfaceController.swift; sourceTree = "<group>"; };
		3C8583281C76E7500017DEA2 /* Assets.xcassets */ = {isa = PBXFileReference; lastKnownFileType = folder.assetcatalog; path = Assets.xcassets; sourceTree = "<group>"; };
		3C85832A1C76E9820017DEA2 /* StyleInterfaceController.swift */ = {isa = PBXFileReference; fileEncoding = 4; lastKnownFileType = sourcecode.swift; path = StyleInterfaceController.swift; sourceTree = "<group>"; };
/* End PBXFileReference section */

/* Begin PBXFrameworksBuildPhase section */
		3C1E2E571C7432420024D00C /* Frameworks */ = {
			isa = PBXFrameworksBuildPhase;
			buildActionMask = 2147483647;
			files = (
			);
			runOnlyForDeploymentPostprocessing = 0;
		};
		3C1E2E781C7432420024D00C /* Frameworks */ = {
			isa = PBXFrameworksBuildPhase;
			buildActionMask = 2147483647;
			files = (
			);
			runOnlyForDeploymentPostprocessing = 0;
		};
/* End PBXFrameworksBuildPhase section */

/* Begin PBXGroup section */
		3C1E2E511C7432410024D00C = {
			isa = PBXGroup;
			children = (
				3C1E2E5C1C7432420024D00C /* PizzaAW */,
				3C1E2E701C7432420024D00C /* PizzaAW WatchKit App */,
				3C1E2E7F1C7432420024D00C /* PizzaAW WatchKit Extension */,
				3C1E2E5B1C7432420024D00C /* Products */,
			);
			sourceTree = "<group>";
		};
		3C1E2E5B1C7432420024D00C /* Products */ = {
			isa = PBXGroup;
			children = (
				3C1E2E5A1C7432420024D00C /* PizzaAW.app */,
				3C1E2E6C1C7432420024D00C /* PizzaAW WatchKit App.app */,
				3C1E2E7B1C7432420024D00C /* PizzaAW WatchKit Extension.appex */,
			);
			name = Products;
			sourceTree = "<group>";
		};
		3C1E2E5C1C7432420024D00C /* PizzaAW */ = {
			isa = PBXGroup;
			children = (
				3C1E2E5D1C7432420024D00C /* AppDelegate.swift */,
				3C1E2E5F1C7432420024D00C /* ViewController.swift */,
				3C1E2E611C7432420024D00C /* Main.storyboard */,
				3C1E2E641C7432420024D00C /* Assets.xcassets */,
				3C1E2E661C7432420024D00C /* LaunchScreen.storyboard */,
				3C1E2E691C7432420024D00C /* Info.plist */,
			);
			path = PizzaAW;
			sourceTree = "<group>";
		};
		3C1E2E701C7432420024D00C /* PizzaAW WatchKit App */ = {
			isa = PBXGroup;
			children = (
				3C1E2E711C7432420024D00C /* Interface.storyboard */,
				3C1E2E741C7432420024D00C /* Assets.xcassets */,
				3C1E2E761C7432420024D00C /* Info.plist */,
			);
			path = "PizzaAW WatchKit App";
			sourceTree = "<group>";
		};
		3C1E2E7F1C7432420024D00C /* PizzaAW WatchKit Extension */ = {
			isa = PBXGroup;
			children = (
				3C1E2E821C7432420024D00C /* ExtensionDelegate.swift */,
				3C1E2E861C7432420024D00C /* Info.plist */,
				3C1E2E981C758B470024D00C /* Order.swift */,
				3C1E2E9C1C759DE70024D00C /* SizeInterfaceController.swift */,
				3C8583281C76E7500017DEA2 /* Assets.xcassets */,
				3C85832A1C76E9820017DEA2 /* StyleInterfaceController.swift */,
				3C5E37241C7989B400FBCF15 /* CheseeInterfaceController.swift */,
				3C5E37261C79BD9100FBCF15 /* IngredientTableRowController.swift */,
				3C5E37281C79C04300FBCF15 /* IngredientInterfaceController.swift */,
				3C5E372A1C79E44700FBCF15 /* ConfirmationInterfaceController.swift */,
				3C5E372C1C79E80400FBCF15 /* AceptInterfaceController.swift */,
				3C5E372E1C79E82600FBCF15 /* MissingInterfaceController.swift */,
			);
			path = "PizzaAW WatchKit Extension";
			sourceTree = "<group>";
		};
/* End PBXGroup section */

/* Begin PBXNativeTarget section */
		3C1E2E591C7432420024D00C /* PizzaAW */ = {
			isa = PBXNativeTarget;
			buildConfigurationList = 3C1E2E911C7432420024D00C /* Build configuration list for PBXNativeTarget "PizzaAW" */;
			buildPhases = (
				3C1E2E561C7432420024D00C /* Sources */,
				3C1E2E571C7432420024D00C /* Frameworks */,
				3C1E2E581C7432420024D00C /* Resources */,
				3C1E2E901C7432420024D00C /* Embed Watch Content */,
			);
			buildRules = (
			);
			dependencies = (
				3C1E2E6F1C7432420024D00C /* PBXTargetDependency */,
			);
			name = PizzaAW;
			productName = PizzaAW;
			productReference = 3C1E2E5A1C7432420024D00C /* PizzaAW.app */;
			productType = "com.apple.product-type.application";
		};
		3C1E2E6B1C7432420024D00C /* PizzaAW WatchKit App */ = {
			isa = PBXNativeTarget;
			buildConfigurationList = 3C1E2E8D1C7432420024D00C /* Build configuration list for PBXNativeTarget "PizzaAW WatchKit App" */;
			buildPhases = (
				3C1E2E6A1C7432420024D00C /* Resources */,
				3C1E2E8C1C7432420024D00C /* Embed App Extensions */,
			);
			buildRules = (
			);
			dependencies = (
				3C1E2E7E1C7432420024D00C /* PBXTargetDependency */,
			);
			name = "PizzaAW WatchKit App";
			productName = "PizzaAW WatchKit App";
			productReference = 3C1E2E6C1C7432420024D00C /* PizzaAW WatchKit App.app */;
			productType = "com.apple.product-type.application.watchapp2";
		};
		3C1E2E7A1C7432420024D00C /* PizzaAW WatchKit Extension */ = {
			isa = PBXNativeTarget;
			buildConfigurationList = 3C1E2E891C7432420024D00C /* Build configuration list for PBXNativeTarget "PizzaAW WatchKit Extension" */;
			buildPhases = (
				3C1E2E771C7432420024D00C /* Sources */,
				3C1E2E781C7432420024D00C /* Frameworks */,
				3C1E2E791C7432420024D00C /* Resources */,
			);
			buildRules = (
			);
			dependencies = (
			);
			name = "PizzaAW WatchKit Extension";
			productName = "PizzaAW WatchKit Extension";
			productReference = 3C1E2E7B1C7432420024D00C /* PizzaAW WatchKit Extension.appex */;
			productType = "com.apple.product-type.watchkit2-extension";
		};
/* End PBXNativeTarget section */

/* Begin PBXProject section */
		3C1E2E521C7432410024D00C /* Project object */ = {
			isa = PBXProject;
			attributes = {
				LastSwiftUpdateCheck = 0720;
				LastUpgradeCheck = 0720;
				ORGANIZATIONNAME = MapySoft;
				TargetAttributes = {
					3C1E2E591C7432420024D00C = {
						CreatedOnToolsVersion = 7.2;
						DevelopmentTeam = 685D4GJM2Y;
					};
					3C1E2E6B1C7432420024D00C = {
						CreatedOnToolsVersion = 7.2;
						DevelopmentTeam = 685D4GJM2Y;
					};
					3C1E2E7A1C7432420024D00C = {
						CreatedOnToolsVersion = 7.2;
						DevelopmentTeam = 685D4GJM2Y;
					};
				};
			};
			buildConfigurationList = 3C1E2E551C7432410024D00C /* Build configuration list for PBXProject "PizzaAW" */;
			compatibilityVersion = "Xcode 3.2";
			developmentRegion = English;
			hasScannedForEncodings = 0;
			knownRegions = (
				en,
				Base,
			);
			mainGroup = 3C1E2E511C7432410024D00C;
			productRefGroup = 3C1E2E5B1C7432420024D00C /* Products */;
			projectDirPath = "";
			projectRoot = "";
			targets = (
				3C1E2E591C7432420024D00C /* PizzaAW */,
				3C1E2E6B1C7432420024D00C /* PizzaAW WatchKit App */,
				3C1E2E7A1C7432420024D00C /* PizzaAW WatchKit Extension */,
			);
		};
/* End PBXProject section */

/* Begin PBXResourcesBuildPhase section */
		3C1E2E581C7432420024D00C /* Resources */ = {
			isa = PBXResourcesBuildPhase;
			buildActionMask = 2147483647;
			files = (
				3C1E2E681C7432420024D00C /* LaunchScreen.storyboard in Resources */,
				3C1E2E651C7432420024D00C /* Assets.xcassets in Resources */,
				3C1E2E631C7432420024D00C /* Main.storyboard in Resources */,
			);
			runOnlyForDeploymentPostprocessing = 0;
		};
		3C1E2E6A1C7432420024D00C /* Resources */ = {
			isa = PBXResourcesBuildPhase;
			buildActionMask = 2147483647;
			files = (
				3C1E2E751C7432420024D00C /* Assets.xcassets in Resources */,
				3C1E2E731C7432420024D00C /* Interface.storyboard in Resources */,
			);
			runOnlyForDeploymentPostprocessing = 0;
		};
		3C1E2E791C7432420024D00C /* Resources */ = {
			isa = PBXResourcesBuildPhase;
			buildActionMask = 2147483647;
			files = (
				3C8583291C76E7510017DEA2 /* Assets.xcassets in Resources */,
			);
			runOnlyForDeploymentPostprocessing = 0;
		};
/* End PBXResourcesBuildPhase section */

/* Begin PBXSourcesBuildPhase section */
		3C1E2E561C7432420024D00C /* Sources */ = {
			isa = PBXSourcesBuildPhase;
			buildActionMask = 2147483647;
			files = (
				3C1E2E601C7432420024D00C /* ViewController.swift in Sources */,
				3C1E2E5E1C7432420024D00C /* AppDelegate.swift in Sources */,
			);
			runOnlyForDeploymentPostprocessing = 0;
		};
		3C1E2E771C7432420024D00C /* Sources */ = {
			isa = PBXSourcesBuildPhase;
			buildActionMask = 2147483647;
			files = (
				3C5E372F1C79E82600FBCF15 /* MissingInterfaceController.swift in Sources */,
				3C1E2E991C758B470024D00C /* Order.swift in Sources */,
				3C1E2E831C7432420024D00C /* ExtensionDelegate.swift in Sources */,
				3C5E37271C79BD9100FBCF15 /* IngredientTableRowController.swift in Sources */,
				3C1E2E9D1C759DE70024D00C /* SizeInterfaceController.swift in Sources */,
				3C5E37251C7989B400FBCF15 /* CheseeInterfaceController.swift in Sources */,
				3C85832B1C76E9820017DEA2 /* StyleInterfaceController.swift in Sources */,
				3C5E372B1C79E44700FBCF15 /* ConfirmationInterfaceController.swift in Sources */,
				3C5E37291C79C04300FBCF15 /* IngredientInterfaceController.swift in Sources */,
				3C5E372D1C79E80400FBCF15 /* AceptInterfaceController.swift in Sources */,
			);
			runOnlyForDeploymentPostprocessing = 0;
		};
/* End PBXSourcesBuildPhase section */

/* Begin PBXTargetDependency section */
		3C1E2E6F1C7432420024D00C /* PBXTargetDependency */ = {
			isa = PBXTargetDependency;
			target = 3C1E2E6B1C7432420024D00C /* PizzaAW WatchKit App */;
			targetProxy = 3C1E2E6E1C7432420024D00C /* PBXContainerItemProxy */;
		};
		3C1E2E7E1C7432420024D00C /* PBXTargetDependency */ = {
			isa = PBXTargetDependency;
			target = 3C1E2E7A1C7432420024D00C /* PizzaAW WatchKit Extension */;
			targetProxy = 3C1E2E7D1C7432420024D00C /* PBXContainerItemProxy */;
		};
/* End PBXTargetDependency section */

/* Begin PBXVariantGroup section */
		3C1E2E611C7432420024D00C /* Main.storyboard */ = {
			isa = PBXVariantGroup;
			children = (
				3C1E2E621C7432420024D00C /* Base */,
			);
			name = Main.storyboard;
			sourceTree = "<group>";
		};
		3C1E2E661C7432420024D00C /* LaunchScreen.storyboard */ = {
			isa = PBXVariantGroup;
			children = (
				3C1E2E671C7432420024D00C /* Base */,
			);
			name = LaunchScreen.storyboard;
			sourceTree = "<group>";
		};
		3C1E2E711C7432420024D00C /* Interface.storyboard */ = {
			isa = PBXVariantGroup;
			children = (
				3C1E2E721C7432420024D00C /* Base */,
			);
			name = Interface.storyboard;
			sourceTree = "<group>";
		};
/* End PBXVariantGroup section */

/* Begin XCBuildConfiguration section */
		3C1E2E871C7432420024D00C /* Debug */ = {
			isa = XCBuildConfiguration;
			buildSettings = {
				ALWAYS_SEARCH_USER_PATHS = NO;
				CLANG_CXX_LANGUAGE_STANDARD = "gnu++0x";
				CLANG_CXX_LIBRARY = "libc++";
				CLANG_ENABLE_MODULES = YES;
				CLANG_ENABLE_OBJC_ARC = YES;
				CLANG_WARN_BOOL_CONVERSION = YES;
				CLANG_WARN_CONSTANT_CONVERSION = YES;
				CLANG_WARN_DIRECT_OBJC_ISA_USAGE = YES_ERROR;
				CLANG_WARN_EMPTY_BODY = YES;
				CLANG_WARN_ENUM_CONVERSION = YES;
				CLANG_WARN_INT_CONVERSION = YES;
				CLANG_WARN_OBJC_ROOT_CLASS = YES_ERROR;
				CLANG_WARN_UNREACHABLE_CODE = YES;
				CLANG_WARN__DUPLICATE_METHOD_MATCH = YES;
				"CODE_SIGN_IDENTITY[sdk=iphoneos*]" = "iPhone Developer";
				COPY_PHASE_STRIP = NO;
				DEBUG_INFORMATION_FORMAT = dwarf;
				ENABLE_STRICT_OBJC_MSGSEND = YES;
				ENABLE_TESTABILITY = YES;
				GCC_C_LANGUAGE_STANDARD = gnu99;
				GCC_DYNAMIC_NO_PIC = NO;
				GCC_NO_COMMON_BLOCKS = YES;
				GCC_OPTIMIZATION_LEVEL = 0;
				GCC_PREPROCESSOR_DEFINITIONS = (
					"DEBUG=1",
					"$(inherited)",
				);
				GCC_WARN_64_TO_32_BIT_CONVERSION = YES;
				GCC_WARN_ABOUT_RETURN_TYPE = YES_ERROR;
				GCC_WARN_UNDECLARED_SELECTOR = YES;
				GCC_WARN_UNINITIALIZED_AUTOS = YES_AGGRESSIVE;
				GCC_WARN_UNUSED_FUNCTION = YES;
				GCC_WARN_UNUSED_VARIABLE = YES;
				IPHONEOS_DEPLOYMENT_TARGET = 9.2;
				MTL_ENABLE_DEBUG_INFO = YES;
				ONLY_ACTIVE_ARCH = YES;
				SDKROOT = iphoneos;
				SWIFT_OPTIMIZATION_LEVEL = "-Onone";
				TARGETED_DEVICE_FAMILY = "1,2";
			};
			name = Debug;
		};
		3C1E2E881C7432420024D00C /* Release */ = {
			isa = XCBuildConfiguration;
			buildSettings = {
				ALWAYS_SEARCH_USER_PATHS = NO;
				CLANG_CXX_LANGUAGE_STANDARD = "gnu++0x";
				CLANG_CXX_LIBRARY = "libc++";
				CLANG_ENABLE_MODULES = YES;
				CLANG_ENABLE_OBJC_ARC = YES;
				CLANG_WARN_BOOL_CONVERSION = YES;
				CLANG_WARN_CONSTANT_CONVERSION = YES;
				CLANG_WARN_DIRECT_OBJC_ISA_USAGE = YES_ERROR;
				CLANG_WARN_EMPTY_BODY = YES;
				CLANG_WARN_ENUM_CONVERSION = YES;
				CLANG_WARN_INT_CONVERSION = YES;
				CLANG_WARN_OBJC_ROOT_CLASS = YES_ERROR;
				CLANG_WARN_UNREACHABLE_CODE = YES;
				CLANG_WARN__DUPLICATE_METHOD_MATCH = YES;
				"CODE_SIGN_IDENTITY[sdk=iphoneos*]" = "iPhone Developer";
				COPY_PHASE_STRIP = NO;
				DEBUG_INFORMATION_FORMAT = "dwarf-with-dsym";
				ENABLE_NS_ASSERTIONS = NO;
				ENABLE_STRICT_OBJC_MSGSEND = YES;
				GCC_C_LANGUAGE_STANDARD = gnu99;
				GCC_NO_COMMON_BLOCKS = YES;
				GCC_WARN_64_TO_32_BIT_CONVERSION = YES;
				GCC_WARN_ABOUT_RETURN_TYPE = YES_ERROR;
				GCC_WARN_UNDECLARED_SELECTOR = YES;
				GCC_WARN_UNINITIALIZED_AUTOS = YES_AGGRESSIVE;
				GCC_WARN_UNUSED_FUNCTION = YES;
				GCC_WARN_UNUSED_VARIABLE = YES;
				IPHONEOS_DEPLOYMENT_TARGET = 9.2;
				MTL_ENABLE_DEBUG_INFO = NO;
				SDKROOT = iphoneos;
				TARGETED_DEVICE_FAMILY = "1,2";
				VALIDATE_PRODUCT = YES;
			};
			name = Release;
		};
		3C1E2E8A1C7432420024D00C /* Debug */ = {
			isa = XCBuildConfiguration;
			buildSettings = {
				INFOPLIST_FILE = "PizzaAW WatchKit Extension/Info.plist";
				LD_RUNPATH_SEARCH_PATHS = "$(inherited) @executable_path/Frameworks @executable_path/../../Frameworks";
				PRODUCT_BUNDLE_IDENTIFIER = com.mapysoft.PizzaAW.watchkitapp.watchkitextension;
				PRODUCT_NAME = "${TARGET_NAME}";
				SDKROOT = watchos;
				SKIP_INSTALL = YES;
				TARGETED_DEVICE_FAMILY = 4;
				WATCHOS_DEPLOYMENT_TARGET = 2.1;
			};
			name = Debug;
		};
		3C1E2E8B1C7432420024D00C /* Release */ = {
			isa = XCBuildConfiguration;
			buildSettings = {
				INFOPLIST_FILE = "PizzaAW WatchKit Extension/Info.plist";
				LD_RUNPATH_SEARCH_PATHS = "$(inherited) @executable_path/Frameworks @executable_path/../../Frameworks";
				PRODUCT_BUNDLE_IDENTIFIER = com.mapysoft.PizzaAW.watchkitapp.watchkitextension;
				PRODUCT_NAME = "${TARGET_NAME}";
				SDKROOT = watchos;
				SKIP_INSTALL = YES;
				TARGETED_DEVICE_FAMILY = 4;
				WATCHOS_DEPLOYMENT_TARGET = 2.1;
			};
			name = Release;
		};
		3C1E2E8E1C7432420024D00C /* Debug */ = {
			isa = XCBuildConfiguration;
			buildSettings = {
				ASSETCATALOG_COMPILER_APPICON_NAME = AppIcon;
				EMBEDDED_CONTENT_CONTAINS_SWIFT = YES;
				IBSC_MODULE = PizzaAW_WatchKit_Extension;
				INFOPLIST_FILE = "PizzaAW WatchKit App/Info.plist";
				PRODUCT_BUNDLE_IDENTIFIER = com.mapysoft.PizzaAW.watchkitapp;
				PRODUCT_NAME = "$(TARGET_NAME)";
				SDKROOT = watchos;
				SKIP_INSTALL = YES;
				TARGETED_DEVICE_FAMILY = 4;
				WATCHOS_DEPLOYMENT_TARGET = 2.1;
			};
			name = Debug;
		};
		3C1E2E8F1C7432420024D00C /* Release */ = {
			isa = XCBuildConfiguration;
			buildSettings = {
				ASSETCATALOG_COMPILER_APPICON_NAME = AppIcon;
				EMBEDDED_CONTENT_CONTAINS_SWIFT = YES;
				IBSC_MODULE = PizzaAW_WatchKit_Extension;
				INFOPLIST_FILE = "PizzaAW WatchKit App/Info.plist";
				PRODUCT_BUNDLE_IDENTIFIER = com.mapysoft.PizzaAW.watchkitapp;
				PRODUCT_NAME = "$(TARGET_NAME)";
				SDKROOT = watchos;
				SKIP_INSTALL = YES;
				TARGETED_DEVICE_FAMILY = 4;
				WATCHOS_DEPLOYMENT_TARGET = 2.1;
			};
			name = Release;
		};
		3C1E2E921C7432420024D00C /* Debug */ = {
			isa = XCBuildConfiguration;
			buildSettings = {
				ASSETCATALOG_COMPILER_APPICON_NAME = AppIcon;
				INFOPLIST_FILE = PizzaAW/Info.plist;
				LD_RUNPATH_SEARCH_PATHS = "$(inherited) @executable_path/Frameworks";
				PRODUCT_BUNDLE_IDENTIFIER = com.mapysoft.PizzaAW;
				PRODUCT_NAME = "$(TARGET_NAME)";
				TARGETED_DEVICE_FAMILY = "1,2";
			};
			name = Debug;
		};
		3C1E2E931C7432420024D00C /* Release */ = {
			isa = XCBuildConfiguration;
			buildSettings = {
				ASSETCATALOG_COMPILER_APPICON_NAME = AppIcon;
				INFOPLIST_FILE = PizzaAW/Info.plist;
				LD_RUNPATH_SEARCH_PATHS = "$(inherited) @executable_path/Frameworks";
				PRODUCT_BUNDLE_IDENTIFIER = com.mapysoft.PizzaAW;
				PRODUCT_NAME = "$(TARGET_NAME)";
				TARGETED_DEVICE_FAMILY = "1,2";
			};
			name = Release;
		};
/* End XCBuildConfiguration section */

/* Begin XCConfigurationList section */
		3C1E2E551C7432410024D00C /* Build configuration list for PBXProject "PizzaAW" */ = {
			isa = XCConfigurationList;
			buildConfigurations = (
				3C1E2E871C7432420024D00C /* Debug */,
				3C1E2E881C7432420024D00C /* Release */,
			);
			defaultConfigurationIsVisible = 0;
			defaultConfigurationName = Release;
		};
		3C1E2E891C7432420024D00C /* Build configuration list for PBXNativeTarget "PizzaAW WatchKit Extension" */ = {
			isa = XCConfigurationList;
			buildConfigurations = (
				3C1E2E8A1C7432420024D00C /* Debug */,
				3C1E2E8B1C7432420024D00C /* Release */,
			);
			defaultConfigurationIsVisible = 0;
			defaultConfigurationName = Release;
		};
		3C1E2E8D1C7432420024D00C /* Build configuration list for PBXNativeTarget "PizzaAW WatchKit App" */ = {
			isa = XCConfigurationList;
			buildConfigurations = (
				3C1E2E8E1C7432420024D00C /* Debug */,
				3C1E2E8F1C7432420024D00C /* Release */,
			);
			defaultConfigurationIsVisible = 0;
			defaultConfigurationName = Release;
		};
		3C1E2E911C7432420024D00C /* Build configuration list for PBXNativeTarget "PizzaAW" */ = {
			isa = XCConfigurationList;
			buildConfigurations = (
				3C1E2E921C7432420024D00C /* Debug */,
				3C1E2E931C7432420024D00C /* Release */,
			);
			defaultConfigurationIsVisible = 0;
			defaultConfigurationName = Release;
		};
/* End XCConfigurationList section */
	};
	rootObject = 3C1E2E521C7432410024D00C /* Project object */;
}
