// !$*UTF8*$!
{
	archiveVersion = 1;
	classes = {
	};
	objectVersion = 46;
	objects = {

/* Begin PBXBuildFile section */
		3C0FCAE11CC383BD001D5E3C /* AppDelegate.swift in Sources */ = {isa = PBXBuildFile; fileRef = 3C0FCAE01CC383BD001D5E3C /* AppDelegate.swift */; };
		3C0FCAE31CC383BD001D5E3C /* ViewController.swift in Sources */ = {isa = PBXBuildFile; fileRef = 3C0FCAE21CC383BD001D5E3C /* ViewController.swift */; };
		3C0FCAE61CC383BD001D5E3C /* Main.storyboard in Resources */ = {isa = PBXBuildFile; fileRef = 3C0FCAE41CC383BD001D5E3C /* Main.storyboard */; };
		3C0FCAE81CC383BD001D5E3C /* Assets.xcassets in Resources */ = {isa = PBXBuildFile; fileRef = 3C0FCAE71CC383BD001D5E3C /* Assets.xcassets */; };
		3C0FCAEB1CC383BD001D5E3C /* LaunchScreen.storyboard in Resources */ = {isa = PBXBuildFile; fileRef = 3C0FCAE91CC383BD001D5E3C /* LaunchScreen.storyboard */; };
		3C4BD2E11CC3978A003EFC55 /* Bach, J.S. violin concerto in E major BWV 1042.mp3 in Resources */ = {isa = PBXBuildFile; fileRef = 3C4BD2D71CC3978A003EFC55 /* Bach, J.S. violin concerto in E major BWV 1042.mp3 */; };
		3C4BD2E21CC3978A003EFC55 /* bach.jpeg in Resources */ = {isa = PBXBuildFile; fileRef = 3C4BD2D81CC3978A003EFC55 /* bach.jpeg */; };
		3C4BD2E31CC3978A003EFC55 /* bethoven.jpeg in Resources */ = {isa = PBXBuildFile; fileRef = 3C4BD2D91CC3978A003EFC55 /* bethoven.jpeg */; };
		3C4BD2E41CC3978A003EFC55 /* Concerto No 1 in E major, Op 8, RV 269, "La primavera".mp3 in Resources */ = {isa = PBXBuildFile; fileRef = 3C4BD2DA1CC3978A003EFC55 /* Concerto No 1 in E major, Op 8, RV 269, "La primavera".mp3 */; };
		3C4BD2E51CC3978A003EFC55 /* Eine kleine Nachtmusik (Serenade No 13 for strings in G major).mp3 in Resources */ = {isa = PBXBuildFile; fileRef = 3C4BD2DB1CC3978A003EFC55 /* Eine kleine Nachtmusik (Serenade No 13 for strings in G major).mp3 */; };
		3C4BD2E61CC3978A003EFC55 /* mozart.jpeg in Resources */ = {isa = PBXBuildFile; fileRef = 3C4BD2DC1CC3978A003EFC55 /* mozart.jpeg */; };
		3C4BD2E71CC3978A003EFC55 /* Swan Lake, Op 20 Act II X Scène Moderato.mp3 in Resources */ = {isa = PBXBuildFile; fileRef = 3C4BD2DD1CC3978A003EFC55 /* Swan Lake, Op 20 Act II X Scène Moderato.mp3 */; };
		3C4BD2E81CC3978A003EFC55 /* Symphony No 9 in D minor Op 125 (the Choral) Scherzo Molto vivace – Presto (D minor).mp3 in Resources */ = {isa = PBXBuildFile; fileRef = 3C4BD2DE1CC3978A003EFC55 /* Symphony No 9 in D minor Op 125 (the Choral) Scherzo Molto vivace – Presto (D minor).mp3 */; };
		3C4BD2E91CC3978A003EFC55 /* tchaikovsky.jpeg in Resources */ = {isa = PBXBuildFile; fileRef = 3C4BD2DF1CC3978A003EFC55 /* tchaikovsky.jpeg */; };
		3C4BD2EA1CC3978A003EFC55 /* vivaldi.jpeg in Resources */ = {isa = PBXBuildFile; fileRef = 3C4BD2E01CC3978A003EFC55 /* vivaldi.jpeg */; };
/* End PBXBuildFile section */

/* Begin PBXFileReference section */
		3C0FCADD1CC383BD001D5E3C /* reproductor.app */ = {isa = PBXFileReference; explicitFileType = wrapper.application; includeInIndex = 0; path = reproductor.app; sourceTree = BUILT_PRODUCTS_DIR; };
		3C0FCAE01CC383BD001D5E3C /* AppDelegate.swift */ = {isa = PBXFileReference; lastKnownFileType = sourcecode.swift; path = AppDelegate.swift; sourceTree = "<group>"; };
		3C0FCAE21CC383BD001D5E3C /* ViewController.swift */ = {isa = PBXFileReference; lastKnownFileType = sourcecode.swift; path = ViewController.swift; sourceTree = "<group>"; };
		3C0FCAE51CC383BD001D5E3C /* Base */ = {isa = PBXFileReference; lastKnownFileType = file.storyboard; name = Base; path = Base.lproj/Main.storyboard; sourceTree = "<group>"; };
		3C0FCAE71CC383BD001D5E3C /* Assets.xcassets */ = {isa = PBXFileReference; lastKnownFileType = folder.assetcatalog; path = Assets.xcassets; sourceTree = "<group>"; };
		3C0FCAEA1CC383BD001D5E3C /* Base */ = {isa = PBXFileReference; lastKnownFileType = file.storyboard; name = Base; path = Base.lproj/LaunchScreen.storyboard; sourceTree = "<group>"; };
		3C0FCAEC1CC383BD001D5E3C /* Info.plist */ = {isa = PBXFileReference; lastKnownFileType = text.plist.xml; path = Info.plist; sourceTree = "<group>"; };
		3C4BD2D71CC3978A003EFC55 /* Bach, J.S. violin concerto in E major BWV 1042.mp3 */ = {isa = PBXFileReference; lastKnownFileType = audio.mp3; path = "Bach, J.S. violin concerto in E major BWV 1042.mp3"; sourceTree = "<group>"; };
		3C4BD2D81CC3978A003EFC55 /* bach.jpeg */ = {isa = PBXFileReference; lastKnownFileType = image.jpeg; path = bach.jpeg; sourceTree = "<group>"; };
		3C4BD2D91CC3978A003EFC55 /* bethoven.jpeg */ = {isa = PBXFileReference; lastKnownFileType = image.jpeg; path = bethoven.jpeg; sourceTree = "<group>"; };
		3C4BD2DA1CC3978A003EFC55 /* Concerto No 1 in E major, Op 8, RV 269, "La primavera".mp3 */ = {isa = PBXFileReference; lastKnownFileType = audio.mp3; path = "Concerto No 1 in E major, Op 8, RV 269, \"La primavera\".mp3"; sourceTree = "<group>"; };
		3C4BD2DB1CC3978A003EFC55 /* Eine kleine Nachtmusik (Serenade No 13 for strings in G major).mp3 */ = {isa = PBXFileReference; lastKnownFileType = audio.mp3; path = "Eine kleine Nachtmusik (Serenade No 13 for strings in G major).mp3"; sourceTree = "<group>"; };
		3C4BD2DC1CC3978A003EFC55 /* mozart.jpeg */ = {isa = PBXFileReference; lastKnownFileType = image.jpeg; path = mozart.jpeg; sourceTree = "<group>"; };
		3C4BD2DD1CC3978A003EFC55 /* Swan Lake, Op 20 Act II X Scène Moderato.mp3 */ = {isa = PBXFileReference; lastKnownFileType = audio.mp3; path = "Swan Lake, Op 20 Act II X Scène Moderato.mp3"; sourceTree = "<group>"; };
		3C4BD2DE1CC3978A003EFC55 /* Symphony No 9 in D minor Op 125 (the Choral) Scherzo Molto vivace – Presto (D minor).mp3 */ = {isa = PBXFileReference; lastKnownFileType = audio.mp3; path = "Symphony No 9 in D minor Op 125 (the Choral) Scherzo Molto vivace – Presto (D minor).mp3"; sourceTree = "<group>"; };
		3C4BD2DF1CC3978A003EFC55 /* tchaikovsky.jpeg */ = {isa = PBXFileReference; lastKnownFileType = image.jpeg; path = tchaikovsky.jpeg; sourceTree = "<group>"; };
		3C4BD2E01CC3978A003EFC55 /* vivaldi.jpeg */ = {isa = PBXFileReference; lastKnownFileType = image.jpeg; path = vivaldi.jpeg; sourceTree = "<group>"; };
/* End PBXFileReference section */

/* Begin PBXFrameworksBuildPhase section */
		3C0FCADA1CC383BD001D5E3C /* Frameworks */ = {
			isa = PBXFrameworksBuildPhase;
			buildActionMask = 2147483647;
			files = (
			);
			runOnlyForDeploymentPostprocessing = 0;
		};
/* End PBXFrameworksBuildPhase section */

/* Begin PBXGroup section */
		3C0FCAD41CC383BD001D5E3C = {
			isa = PBXGroup;
			children = (
				3C0FCADF1CC383BD001D5E3C /* reproductor */,
				3C0FCADE1CC383BD001D5E3C /* Products */,
			);
			sourceTree = "<group>";
		};
		3C0FCADE1CC383BD001D5E3C /* Products */ = {
			isa = PBXGroup;
			children = (
				3C0FCADD1CC383BD001D5E3C /* reproductor.app */,
			);
			name = Products;
			sourceTree = "<group>";
		};
		3C0FCADF1CC383BD001D5E3C /* reproductor */ = {
			isa = PBXGroup;
			children = (
				3C4BD2D61CC3978A003EFC55 /* media */,
				3C0FCAE01CC383BD001D5E3C /* AppDelegate.swift */,
				3C0FCAE21CC383BD001D5E3C /* ViewController.swift */,
				3C0FCAE41CC383BD001D5E3C /* Main.storyboard */,
				3C0FCAE71CC383BD001D5E3C /* Assets.xcassets */,
				3C0FCAE91CC383BD001D5E3C /* LaunchScreen.storyboard */,
				3C0FCAEC1CC383BD001D5E3C /* Info.plist */,
			);
			path = reproductor;
			sourceTree = "<group>";
		};
		3C4BD2D61CC3978A003EFC55 /* media */ = {
			isa = PBXGroup;
			children = (
				3C4BD2D71CC3978A003EFC55 /* Bach, J.S. violin concerto in E major BWV 1042.mp3 */,
				3C4BD2D81CC3978A003EFC55 /* bach.jpeg */,
				3C4BD2D91CC3978A003EFC55 /* bethoven.jpeg */,
				3C4BD2DA1CC3978A003EFC55 /* Concerto No 1 in E major, Op 8, RV 269, "La primavera".mp3 */,
				3C4BD2DB1CC3978A003EFC55 /* Eine kleine Nachtmusik (Serenade No 13 for strings in G major).mp3 */,
				3C4BD2DC1CC3978A003EFC55 /* mozart.jpeg */,
				3C4BD2DD1CC3978A003EFC55 /* Swan Lake, Op 20 Act II X Scène Moderato.mp3 */,
				3C4BD2DE1CC3978A003EFC55 /* Symphony No 9 in D minor Op 125 (the Choral) Scherzo Molto vivace – Presto (D minor).mp3 */,
				3C4BD2DF1CC3978A003EFC55 /* tchaikovsky.jpeg */,
				3C4BD2E01CC3978A003EFC55 /* vivaldi.jpeg */,
			);
			path = media;
			sourceTree = "<group>";
		};
/* End PBXGroup section */

/* Begin PBXNativeTarget section */
		3C0FCADC1CC383BD001D5E3C /* reproductor */ = {
			isa = PBXNativeTarget;
			buildConfigurationList = 3C0FCAEF1CC383BD001D5E3C /* Build configuration list for PBXNativeTarget "reproductor" */;
			buildPhases = (
				3C0FCAD91CC383BD001D5E3C /* Sources */,
				3C0FCADA1CC383BD001D5E3C /* Frameworks */,
				3C0FCADB1CC383BD001D5E3C /* Resources */,
			);
			buildRules = (
			);
			dependencies = (
			);
			name = reproductor;
			productName = reproductor;
			productReference = 3C0FCADD1CC383BD001D5E3C /* reproductor.app */;
			productType = "com.apple.product-type.application";
		};
/* End PBXNativeTarget section */

/* Begin PBXProject section */
		3C0FCAD51CC383BD001D5E3C /* Project object */ = {
			isa = PBXProject;
			attributes = {
				LastSwiftUpdateCheck = 0720;
				LastUpgradeCheck = 0720;
				ORGANIZATIONNAME = MapySoft;
				TargetAttributes = {
					3C0FCADC1CC383BD001D5E3C = {
						CreatedOnToolsVersion = 7.2;
						DevelopmentTeam = 685D4GJM2Y;
					};
				};
			};
			buildConfigurationList = 3C0FCAD81CC383BD001D5E3C /* Build configuration list for PBXProject "reproductor" */;
			compatibilityVersion = "Xcode 3.2";
			developmentRegion = English;
			hasScannedForEncodings = 0;
			knownRegions = (
				en,
				Base,
			);
			mainGroup = 3C0FCAD41CC383BD001D5E3C;
			productRefGroup = 3C0FCADE1CC383BD001D5E3C /* Products */;
			projectDirPath = "";
			projectRoot = "";
			targets = (
				3C0FCADC1CC383BD001D5E3C /* reproductor */,
			);
		};
/* End PBXProject section */

/* Begin PBXResourcesBuildPhase section */
		3C0FCADB1CC383BD001D5E3C /* Resources */ = {
			isa = PBXResourcesBuildPhase;
			buildActionMask = 2147483647;
			files = (
				3C4BD2E41CC3978A003EFC55 /* Concerto No 1 in E major, Op 8, RV 269, "La primavera".mp3 in Resources */,
				3C4BD2E11CC3978A003EFC55 /* Bach, J.S. violin concerto in E major BWV 1042.mp3 in Resources */,
				3C4BD2E61CC3978A003EFC55 /* mozart.jpeg in Resources */,
				3C0FCAEB1CC383BD001D5E3C /* LaunchScreen.storyboard in Resources */,
				3C4BD2EA1CC3978A003EFC55 /* vivaldi.jpeg in Resources */,
				3C4BD2E91CC3978A003EFC55 /* tchaikovsky.jpeg in Resources */,
				3C0FCAE81CC383BD001D5E3C /* Assets.xcassets in Resources */,
				3C4BD2E21CC3978A003EFC55 /* bach.jpeg in Resources */,
				3C4BD2E51CC3978A003EFC55 /* Eine kleine Nachtmusik (Serenade No 13 for strings in G major).mp3 in Resources */,
				3C4BD2E81CC3978A003EFC55 /* Symphony No 9 in D minor Op 125 (the Choral) Scherzo Molto vivace – Presto (D minor).mp3 in Resources */,
				3C4BD2E31CC3978A003EFC55 /* bethoven.jpeg in Resources */,
				3C0FCAE61CC383BD001D5E3C /* Main.storyboard in Resources */,
				3C4BD2E71CC3978A003EFC55 /* Swan Lake, Op 20 Act II X Scène Moderato.mp3 in Resources */,
			);
			runOnlyForDeploymentPostprocessing = 0;
		};
/* End PBXResourcesBuildPhase section */

/* Begin PBXSourcesBuildPhase section */
		3C0FCAD91CC383BD001D5E3C /* Sources */ = {
			isa = PBXSourcesBuildPhase;
			buildActionMask = 2147483647;
			files = (
				3C0FCAE31CC383BD001D5E3C /* ViewController.swift in Sources */,
				3C0FCAE11CC383BD001D5E3C /* AppDelegate.swift in Sources */,
			);
			runOnlyForDeploymentPostprocessing = 0;
		};
/* End PBXSourcesBuildPhase section */

/* Begin PBXVariantGroup section */
		3C0FCAE41CC383BD001D5E3C /* Main.storyboard */ = {
			isa = PBXVariantGroup;
			children = (
				3C0FCAE51CC383BD001D5E3C /* Base */,
			);
			name = Main.storyboard;
			sourceTree = "<group>";
		};
		3C0FCAE91CC383BD001D5E3C /* LaunchScreen.storyboard */ = {
			isa = PBXVariantGroup;
			children = (
				3C0FCAEA1CC383BD001D5E3C /* Base */,
			);
			name = LaunchScreen.storyboard;
			sourceTree = "<group>";
		};
/* End PBXVariantGroup section */

/* Begin XCBuildConfiguration section */
		3C0FCAED1CC383BD001D5E3C /* Debug */ = {
			isa = XCBuildConfiguration;
			buildSettings = {
				ALWAYS_SEARCH_USER_PATHS = NO;
				CLANG_CXX_LANGUAGE_STANDARD = "gnu++0x";
				CLANG_CXX_LIBRARY = "libc++";
				CLANG_ENABLE_MODULES = YES;
				CLANG_ENABLE_OBJC_ARC = YES;
				CLANG_WARN_BOOL_CONVERSION = YES;
				CLANG_WARN_CONSTANT_CONVERSION = YES;
				CLANG_WARN_DIRECT_OBJC_ISA_USAGE = YES_ERROR;
				CLANG_WARN_EMPTY_BODY = YES;
				CLANG_WARN_ENUM_CONVERSION = YES;
				CLANG_WARN_INT_CONVERSION = YES;
				CLANG_WARN_OBJC_ROOT_CLASS = YES_ERROR;
				CLANG_WARN_UNREACHABLE_CODE = YES;
				CLANG_WARN__DUPLICATE_METHOD_MATCH = YES;
				"CODE_SIGN_IDENTITY[sdk=iphoneos*]" = "iPhone Developer";
				COPY_PHASE_STRIP = NO;
				DEBUG_INFORMATION_FORMAT = dwarf;
				ENABLE_STRICT_OBJC_MSGSEND = YES;
				ENABLE_TESTABILITY = YES;
				GCC_C_LANGUAGE_STANDARD = gnu99;
				GCC_DYNAMIC_NO_PIC = NO;
				GCC_NO_COMMON_BLOCKS = YES;
				GCC_OPTIMIZATION_LEVEL = 0;
				GCC_PREPROCESSOR_DEFINITIONS = (
					"DEBUG=1",
					"$(inherited)",
				);
				GCC_WARN_64_TO_32_BIT_CONVERSION = YES;
				GCC_WARN_ABOUT_RETURN_TYPE = YES_ERROR;
				GCC_WARN_UNDECLARED_SELECTOR = YES;
				GCC_WARN_UNINITIALIZED_AUTOS = YES_AGGRESSIVE;
				GCC_WARN_UNUSED_FUNCTION = YES;
				GCC_WARN_UNUSED_VARIABLE = YES;
				IPHONEOS_DEPLOYMENT_TARGET = 9.2;
				MTL_ENABLE_DEBUG_INFO = YES;
				ONLY_ACTIVE_ARCH = YES;
				SDKROOT = iphoneos;
				SWIFT_OPTIMIZATION_LEVEL = "-Onone";
				TARGETED_DEVICE_FAMILY = "1,2";
			};
			name = Debug;
		};
		3C0FCAEE1CC383BD001D5E3C /* Release */ = {
			isa = XCBuildConfiguration;
			buildSettings = {
				ALWAYS_SEARCH_USER_PATHS = NO;
				CLANG_CXX_LANGUAGE_STANDARD = "gnu++0x";
				CLANG_CXX_LIBRARY = "libc++";
				CLANG_ENABLE_MODULES = YES;
				CLANG_ENABLE_OBJC_ARC = YES;
				CLANG_WARN_BOOL_CONVERSION = YES;
				CLANG_WARN_CONSTANT_CONVERSION = YES;
				CLANG_WARN_DIRECT_OBJC_ISA_USAGE = YES_ERROR;
				CLANG_WARN_EMPTY_BODY = YES;
				CLANG_WARN_ENUM_CONVERSION = YES;
				CLANG_WARN_INT_CONVERSION = YES;
				CLANG_WARN_OBJC_ROOT_CLASS = YES_ERROR;
				CLANG_WARN_UNREACHABLE_CODE = YES;
				CLANG_WARN__DUPLICATE_METHOD_MATCH = YES;
				"CODE_SIGN_IDENTITY[sdk=iphoneos*]" = "iPhone Developer";
				COPY_PHASE_STRIP = NO;
				DEBUG_INFORMATION_FORMAT = "dwarf-with-dsym";
				ENABLE_NS_ASSERTIONS = NO;
				ENABLE_STRICT_OBJC_MSGSEND = YES;
				GCC_C_LANGUAGE_STANDARD = gnu99;
				GCC_NO_COMMON_BLOCKS = YES;
				GCC_WARN_64_TO_32_BIT_CONVERSION = YES;
				GCC_WARN_ABOUT_RETURN_TYPE = YES_ERROR;
				GCC_WARN_UNDECLARED_SELECTOR = YES;
				GCC_WARN_UNINITIALIZED_AUTOS = YES_AGGRESSIVE;
				GCC_WARN_UNUSED_FUNCTION = YES;
				GCC_WARN_UNUSED_VARIABLE = YES;
				IPHONEOS_DEPLOYMENT_TARGET = 9.2;
				MTL_ENABLE_DEBUG_INFO = NO;
				SDKROOT = iphoneos;
				TARGETED_DEVICE_FAMILY = "1,2";
				VALIDATE_PRODUCT = YES;
			};
			name = Release;
		};
		3C0FCAF01CC383BD001D5E3C /* Debug */ = {
			isa = XCBuildConfiguration;
			buildSettings = {
				ASSETCATALOG_COMPILER_APPICON_NAME = AppIcon;
				INFOPLIST_FILE = reproductor/Info.plist;
				LD_RUNPATH_SEARCH_PATHS = "$(inherited) @executable_path/Frameworks";
				PRODUCT_BUNDLE_IDENTIFIER = com.mapysoft.reproductor;
				PRODUCT_NAME = "$(TARGET_NAME)";
			};
			name = Debug;
		};
		3C0FCAF11CC383BD001D5E3C /* Release */ = {
			isa = XCBuildConfiguration;
			buildSettings = {
				ASSETCATALOG_COMPILER_APPICON_NAME = AppIcon;
				INFOPLIST_FILE = reproductor/Info.plist;
				LD_RUNPATH_SEARCH_PATHS = "$(inherited) @executable_path/Frameworks";
				PRODUCT_BUNDLE_IDENTIFIER = com.mapysoft.reproductor;
				PRODUCT_NAME = "$(TARGET_NAME)";
			};
			name = Release;
		};
/* End XCBuildConfiguration section */

/* Begin XCConfigurationList section */
		3C0FCAD81CC383BD001D5E3C /* Build configuration list for PBXProject "reproductor" */ = {
			isa = XCConfigurationList;
			buildConfigurations = (
				3C0FCAED1CC383BD001D5E3C /* Debug */,
				3C0FCAEE1CC383BD001D5E3C /* Release */,
			);
			defaultConfigurationIsVisible = 0;
			defaultConfigurationName = Release;
		};
		3C0FCAEF1CC383BD001D5E3C /* Build configuration list for PBXNativeTarget "reproductor" */ = {
			isa = XCConfigurationList;
			buildConfigurations = (
				3C0FCAF01CC383BD001D5E3C /* Debug */,
				3C0FCAF11CC383BD001D5E3C /* Release */,
			);
			defaultConfigurationIsVisible = 0;
			defaultConfigurationName = Release;
		};
/* End XCConfigurationList section */
	};
	rootObject = 3C0FCAD51CC383BD001D5E3C /* Project object */;
}
